<Solution>
  <Folder Name="/src/">
    <Project Path="src/Roulette.Game/Roulette.Game.csproj" />
    <Project Path="src/Roulette.Server/Roulette.Server.csproj" />
    <!--
      net472 and referenced straight out of an install, so it is not part of a
      plain `dotnet build` of the solution on a machine without the game.
    -->
    <Project Path="src/Roulette.Client/Roulette.Client.csproj" />
  </Folder>
  <Folder Name="/tests/">
    <Project Path="tests/Roulette.Game.Tests/Roulette.Game.Tests.csproj" />
    <Project Path="tests/Roulette.Server.Tests/Roulette.Server.Tests.csproj" />
  </Folder>
  <Folder Name="/tools/">
    <Project Path="tools/Roulette.Console/Roulette.Console.csproj" />
  </Folder>
</Solution>
